// !$*UTF8*$!
{
	archiveVersion = 1;
	classes = {
	};
	objectVersion = 55;
	objects = {

/* Begin PBXBuildFile section */
		144FA26C2717FF6900257EC3 /* ImageLoader.swift in Sources */ = {isa = PBXBuildFile; fileRef = 144FA26B2717FF6900257EC3 /* ImageLoader.swift */; };
		47F61FED27162D2100D1410A /* AppDelegate.swift in Sources */ = {isa = PBXBuildFile; fileRef = 47F61FEC27162D2100D1410A /* AppDelegate.swift */; };
		47F61FEF27162D2100D1410A /* SceneDelegate.swift in Sources */ = {isa = PBXBuildFile; fileRef = 47F61FEE27162D2100D1410A /* SceneDelegate.swift */; };
		47F61FF427162D2100D1410A /* Main.storyboard in Resources */ = {isa = PBXBuildFile; fileRef = 47F61FF227162D2100D1410A /* Main.storyboard */; };
		47F61FF627162D2200D1410A /* Assets.xcassets in Resources */ = {isa = PBXBuildFile; fileRef = 47F61FF527162D2200D1410A /* Assets.xcassets */; };
		47F61FF927162D2200D1410A /* LaunchScreen.storyboard in Resources */ = {isa = PBXBuildFile; fileRef = 47F61FF727162D2200D1410A /* LaunchScreen.storyboard */; };
		47F6200427162D2200D1410A /* TakeHomeTestTests.swift in Sources */ = {isa = PBXBuildFile; fileRef = 47F6200327162D2200D1410A /* TakeHomeTestTests.swift */; };
		47F6200E27162D2200D1410A /* TakeHomeTestUITests.swift in Sources */ = {isa = PBXBuildFile; fileRef = 47F6200D27162D2200D1410A /* TakeHomeTestUITests.swift */; };
		47F6201C2716310900D1410A /* Extension.swift in Sources */ = {isa = PBXBuildFile; fileRef = 47F6201B2716310900D1410A /* Extension.swift */; };
		47F6201E2716342000D1410A /* CategoryCell.swift in Sources */ = {isa = PBXBuildFile; fileRef = 47F6201D2716342000D1410A /* CategoryCell.swift */; };
		47F6202727163A8100D1410A /* AlbumController.swift in Sources */ = {isa = PBXBuildFile; fileRef = 47F6202627163A8100D1410A /* AlbumController.swift */; };
		47F620292716416800D1410A /* SearchItem.swift in Sources */ = {isa = PBXBuildFile; fileRef = 47F620282716416800D1410A /* SearchItem.swift */; };
		47F6202B2716438D00D1410A /* AlbumDetailsController.swift in Sources */ = {isa = PBXBuildFile; fileRef = 47F6202A2716438D00D1410A /* AlbumDetailsController.swift */; };
		47F6203027164C0C00D1410A /* CustomLabel.swift in Sources */ = {isa = PBXBuildFile; fileRef = 47F6202F27164C0C00D1410A /* CustomLabel.swift */; };
		47F6203227164C8400D1410A /* Constants.swift in Sources */ = {isa = PBXBuildFile; fileRef = 47F6203127164C8400D1410A /* Constants.swift */; };
		47F62037271677B200D1410A /* Client.swift in Sources */ = {isa = PBXBuildFile; fileRef = 47F62036271677B200D1410A /* Client.swift */; };
		47F62039271677DC00D1410A /* ViewModel.swift in Sources */ = {isa = PBXBuildFile; fileRef = 47F62038271677DC00D1410A /* ViewModel.swift */; };
/* End PBXBuildFile section */

/* Begin PBXContainerItemProxy section */
		47F6200027162D2200D1410A /* PBXContainerItemProxy */ = {
			isa = PBXContainerItemProxy;
			containerPortal = 47F61FE127162D2100D1410A /* Project object */;
			proxyType = 1;
			remoteGlobalIDString = 47F61FE827162D2100D1410A;
			remoteInfo = TakeHomeTest;
		};
		47F6200A27162D2200D1410A /* PBXContainerItemProxy */ = {
			isa = PBXContainerItemProxy;
			containerPortal = 47F61FE127162D2100D1410A /* Project object */;
			proxyType = 1;
			remoteGlobalIDString = 47F61FE827162D2100D1410A;
			remoteInfo = TakeHomeTest;
		};
/* End PBXContainerItemProxy section */

/* Begin PBXFileReference section */
		144FA26B2717FF6900257EC3 /* ImageLoader.swift */ = {isa = PBXFileReference; lastKnownFileType = sourcecode.swift; path = ImageLoader.swift; sourceTree = "<group>"; };
		47F61FE927162D2100D1410A /* TakeHomeTest.app */ = {isa = PBXFileReference; explicitFileType = wrapper.application; includeInIndex = 0; path = TakeHomeTest.app; sourceTree = BUILT_PRODUCTS_DIR; };
		47F61FEC27162D2100D1410A /* AppDelegate.swift */ = {isa = PBXFileReference; lastKnownFileType = sourcecode.swift; path = AppDelegate.swift; sourceTree = "<group>"; };
		47F61FEE27162D2100D1410A /* SceneDelegate.swift */ = {isa = PBXFileReference; lastKnownFileType = sourcecode.swift; path = SceneDelegate.swift; sourceTree = "<group>"; };
		47F61FF327162D2100D1410A /* Base */ = {isa = PBXFileReference; lastKnownFileType = file.storyboard; name = Base; path = Base.lproj/Main.storyboard; sourceTree = "<group>"; };
		47F61FF527162D2200D1410A /* Assets.xcassets */ = {isa = PBXFileReference; lastKnownFileType = folder.assetcatalog; path = Assets.xcassets; sourceTree = "<group>"; };
		47F61FF827162D2200D1410A /* Base */ = {isa = PBXFileReference; lastKnownFileType = file.storyboard; name = Base; path = Base.lproj/LaunchScreen.storyboard; sourceTree = "<group>"; };
		47F61FFA27162D2200D1410A /* Info.plist */ = {isa = PBXFileReference; lastKnownFileType = text.plist.xml; path = Info.plist; sourceTree = "<group>"; };
		47F61FFF27162D2200D1410A /* TakeHomeTestTests.xctest */ = {isa = PBXFileReference; explicitFileType = wrapper.cfbundle; includeInIndex = 0; path = TakeHomeTestTests.xctest; sourceTree = BUILT_PRODUCTS_DIR; };
		47F6200327162D2200D1410A /* TakeHomeTestTests.swift */ = {isa = PBXFileReference; lastKnownFileType = sourcecode.swift; path = TakeHomeTestTests.swift; sourceTree = "<group>"; };
		47F6200927162D2200D1410A /* TakeHomeTestUITests.xctest */ = {isa = PBXFileReference; explicitFileType = wrapper.cfbundle; includeInIndex = 0; path = TakeHomeTestUITests.xctest; sourceTree = BUILT_PRODUCTS_DIR; };
		47F6200D27162D2200D1410A /* TakeHomeTestUITests.swift */ = {isa = PBXFileReference; lastKnownFileType = sourcecode.swift; path = TakeHomeTestUITests.swift; sourceTree = "<group>"; };
		47F6201B2716310900D1410A /* Extension.swift */ = {isa = PBXFileReference; lastKnownFileType = sourcecode.swift; path = Extension.swift; sourceTree = "<group>"; };
		47F6201D2716342000D1410A /* CategoryCell.swift */ = {isa = PBXFileReference; lastKnownFileType = sourcecode.swift; path = CategoryCell.swift; sourceTree = "<group>"; };
		47F6202627163A8100D1410A /* AlbumController.swift */ = {isa = PBXFileReference; lastKnownFileType = sourcecode.swift; path = AlbumController.swift; sourceTree = "<group>"; };
		47F620282716416800D1410A /* SearchItem.swift */ = {isa = PBXFileReference; lastKnownFileType = sourcecode.swift; path = SearchItem.swift; sourceTree = "<group>"; };
		47F6202A2716438D00D1410A /* AlbumDetailsController.swift */ = {isa = PBXFileReference; lastKnownFileType = sourcecode.swift; path = AlbumDetailsController.swift; sourceTree = "<group>"; };
		47F6202F27164C0C00D1410A /* CustomLabel.swift */ = {isa = PBXFileReference; lastKnownFileType = sourcecode.swift; path = CustomLabel.swift; sourceTree = "<group>"; };
		47F6203127164C8400D1410A /* Constants.swift */ = {isa = PBXFileReference; lastKnownFileType = sourcecode.swift; path = Constants.swift; sourceTree = "<group>"; };
		47F62036271677B200D1410A /* Client.swift */ = {isa = PBXFileReference; lastKnownFileType = sourcecode.swift; path = Client.swift; sourceTree = "<group>"; };
		47F62038271677DC00D1410A /* ViewModel.swift */ = {isa = PBXFileReference; lastKnownFileType = sourcecode.swift; path = ViewModel.swift; sourceTree = "<group>"; };
/* End PBXFileReference section */

/* Begin PBXFrameworksBuildPhase section */
		47F61FE627162D2100D1410A /* Frameworks */ = {
			isa = PBXFrameworksBuildPhase;
			buildActionMask = 2147483647;
			files = (
			);
			runOnlyForDeploymentPostprocessing = 0;
		};
		47F61FFC27162D2200D1410A /* Frameworks */ = {
			isa = PBXFrameworksBuildPhase;
			buildActionMask = 2147483647;
			files = (
			);
			runOnlyForDeploymentPostprocessing = 0;
		};
		47F6200627162D2200D1410A /* Frameworks */ = {
			isa = PBXFrameworksBuildPhase;
			buildActionMask = 2147483647;
			files = (
			);
			runOnlyForDeploymentPostprocessing = 0;
		};
/* End PBXFrameworksBuildPhase section */

/* Begin PBXGroup section */
		47F61FE027162D2100D1410A = {
			isa = PBXGroup;
			children = (
				47F61FEB27162D2100D1410A /* TakeHomeTest */,
				47F6200227162D2200D1410A /* TakeHomeTestTests */,
				47F6200C27162D2200D1410A /* TakeHomeTestUITests */,
				47F61FEA27162D2100D1410A /* Products */,
			);
			sourceTree = "<group>";
		};
		47F61FEA27162D2100D1410A /* Products */ = {
			isa = PBXGroup;
			children = (
				47F61FE927162D2100D1410A /* TakeHomeTest.app */,
				47F61FFF27162D2200D1410A /* TakeHomeTestTests.xctest */,
				47F6200927162D2200D1410A /* TakeHomeTestUITests.xctest */,
			);
			name = Products;
			sourceTree = "<group>";
		};
		47F61FEB27162D2100D1410A /* TakeHomeTest */ = {
			isa = PBXGroup;
			children = (
				47F6202E271646FF00D1410A /* StoryBoard */,
				47F62025271639E600D1410A /* Controller */,
				47F62024271639B700D1410A /* View */,
				47F62023271639AD00D1410A /* ViewModel */,
				47F620212716399800D1410A /* Model */,
				47F6201A271630EA00D1410A /* Utils */,
				47F61FF527162D2200D1410A /* Assets.xcassets */,
				47F61FFA27162D2200D1410A /* Info.plist */,
				47F6201D2716342000D1410A /* CategoryCell.swift */,
			);
			path = TakeHomeTest;
			sourceTree = "<group>";
		};
		47F6200227162D2200D1410A /* TakeHomeTestTests */ = {
			isa = PBXGroup;
			children = (
				47F6200327162D2200D1410A /* TakeHomeTestTests.swift */,
			);
			path = TakeHomeTestTests;
			sourceTree = "<group>";
		};
		47F6200C27162D2200D1410A /* TakeHomeTestUITests */ = {
			isa = PBXGroup;
			children = (
				47F6200D27162D2200D1410A /* TakeHomeTestUITests.swift */,
			);
			path = TakeHomeTestUITests;
			sourceTree = "<group>";
		};
		47F6201A271630EA00D1410A /* Utils */ = {
			isa = PBXGroup;
			children = (
				47F61FEE27162D2100D1410A /* SceneDelegate.swift */,
				47F61FEC27162D2100D1410A /* AppDelegate.swift */,
				47F6201B2716310900D1410A /* Extension.swift */,
				47F6203127164C8400D1410A /* Constants.swift */,
			);
			path = Utils;
			sourceTree = "<group>";
		};
		47F620212716399800D1410A /* Model */ = {
			isa = PBXGroup;
			children = (
				47F620282716416800D1410A /* SearchItem.swift */,
			);
			path = Model;
			sourceTree = "<group>";
		};
		47F62023271639AD00D1410A /* ViewModel */ = {
			isa = PBXGroup;
			children = (
				47F620352716769300D1410A /* Service */,
			);
			path = ViewModel;
			sourceTree = "<group>";
		};
		47F62024271639B700D1410A /* View */ = {
			isa = PBXGroup;
			children = (
				47F6202F27164C0C00D1410A /* CustomLabel.swift */,
			);
			path = View;
			sourceTree = "<group>";
		};
		47F62025271639E600D1410A /* Controller */ = {
			isa = PBXGroup;
			children = (
				47F6202627163A8100D1410A /* AlbumController.swift */,
				47F6202A2716438D00D1410A /* AlbumDetailsController.swift */,
			);
			path = Controller;
			sourceTree = "<group>";
		};
		47F6202E271646FF00D1410A /* StoryBoard */ = {
			isa = PBXGroup;
			children = (
				47F61FF227162D2100D1410A /* Main.storyboard */,
				47F61FF727162D2200D1410A /* LaunchScreen.storyboard */,
			);
			path = StoryBoard;
			sourceTree = "<group>";
		};
		47F620352716769300D1410A /* Service */ = {
			isa = PBXGroup;
			children = (
				47F62036271677B200D1410A /* Client.swift */,
				47F62038271677DC00D1410A /* ViewModel.swift */,
				144FA26B2717FF6900257EC3 /* ImageLoader.swift */,
			);
			path = Service;
			sourceTree = "<group>";
		};
/* End PBXGroup section */

/* Begin PBXNativeTarget section */
		47F61FE827162D2100D1410A /* TakeHomeTest */ = {
			isa = PBXNativeTarget;
			buildConfigurationList = 47F6201127162D2200D1410A /* Build configuration list for PBXNativeTarget "TakeHomeTest" */;
			buildPhases = (
				47F61FE527162D2100D1410A /* Sources */,
				47F61FE627162D2100D1410A /* Frameworks */,
				47F61FE727162D2100D1410A /* Resources */,
			);
			buildRules = (
			);
			dependencies = (
			);
			name = TakeHomeTest;
			productName = TakeHomeTest;
			productReference = 47F61FE927162D2100D1410A /* TakeHomeTest.app */;
			productType = "com.apple.product-type.application";
		};
		47F61FFE27162D2200D1410A /* TakeHomeTestTests */ = {
			isa = PBXNativeTarget;
			buildConfigurationList = 47F6201427162D2200D1410A /* Build configuration list for PBXNativeTarget "TakeHomeTestTests" */;
			buildPhases = (
				47F61FFB27162D2200D1410A /* Sources */,
				47F61FFC27162D2200D1410A /* Frameworks */,
				47F61FFD27162D2200D1410A /* Resources */,
			);
			buildRules = (
			);
			dependencies = (
				47F6200127162D2200D1410A /* PBXTargetDependency */,
			);
			name = TakeHomeTestTests;
			productName = TakeHomeTestTests;
			productReference = 47F61FFF27162D2200D1410A /* TakeHomeTestTests.xctest */;
			productType = "com.apple.product-type.bundle.unit-test";
		};
		47F6200827162D2200D1410A /* TakeHomeTestUITests */ = {
			isa = PBXNativeTarget;
			buildConfigurationList = 47F6201727162D2200D1410A /* Build configuration list for PBXNativeTarget "TakeHomeTestUITests" */;
			buildPhases = (
				47F6200527162D2200D1410A /* Sources */,
				47F6200627162D2200D1410A /* Frameworks */,
				47F6200727162D2200D1410A /* Resources */,
			);
			buildRules = (
			);
			dependencies = (
				47F6200B27162D2200D1410A /* PBXTargetDependency */,
			);
			name = TakeHomeTestUITests;
			productName = TakeHomeTestUITests;
			productReference = 47F6200927162D2200D1410A /* TakeHomeTestUITests.xctest */;
			productType = "com.apple.product-type.bundle.ui-testing";
		};
/* End PBXNativeTarget section */

/* Begin PBXProject section */
		47F61FE127162D2100D1410A /* Project object */ = {
			isa = PBXProject;
			attributes = {
				BuildIndependentTargetsInParallel = 1;
				LastSwiftUpdateCheck = 1300;
				LastUpgradeCheck = 1300;
				TargetAttributes = {
					47F61FE827162D2100D1410A = {
						CreatedOnToolsVersion = 13.0;
					};
					47F61FFE27162D2200D1410A = {
						CreatedOnToolsVersion = 13.0;
						TestTargetID = 47F61FE827162D2100D1410A;
					};
					47F6200827162D2200D1410A = {
						CreatedOnToolsVersion = 13.0;
						TestTargetID = 47F61FE827162D2100D1410A;
					};
				};
			};
			buildConfigurationList = 47F61FE427162D2100D1410A /* Build configuration list for PBXProject "TakeHomeTest" */;
			compatibilityVersion = "Xcode 13.0";
			developmentRegion = en;
			hasScannedForEncodings = 0;
			knownRegions = (
				en,
				Base,
			);
			mainGroup = 47F61FE027162D2100D1410A;
			productRefGroup = 47F61FEA27162D2100D1410A /* Products */;
			projectDirPath = "";
			projectRoot = "";
			targets = (
				47F61FE827162D2100D1410A /* TakeHomeTest */,
				47F61FFE27162D2200D1410A /* TakeHomeTestTests */,
				47F6200827162D2200D1410A /* TakeHomeTestUITests */,
			);
		};
/* End PBXProject section */

/* Begin PBXResourcesBuildPhase section */
		47F61FE727162D2100D1410A /* Resources */ = {
			isa = PBXResourcesBuildPhase;
			buildActionMask = 2147483647;
			files = (
				47F61FF927162D2200D1410A /* LaunchScreen.storyboard in Resources */,
				47F61FF627162D2200D1410A /* Assets.xcassets in Resources */,
				47F61FF427162D2100D1410A /* Main.storyboard in Resources */,
			);
			runOnlyForDeploymentPostprocessing = 0;
		};
		47F61FFD27162D2200D1410A /* Resources */ = {
			isa = PBXResourcesBuildPhase;
			buildActionMask = 2147483647;
			files = (
			);
			runOnlyForDeploymentPostprocessing = 0;
		};
		47F6200727162D2200D1410A /* Resources */ = {
			isa = PBXResourcesBuildPhase;
			buildActionMask = 2147483647;
			files = (
			);
			runOnlyForDeploymentPostprocessing = 0;
		};
/* End PBXResourcesBuildPhase section */

/* Begin PBXSourcesBuildPhase section */
		47F61FE527162D2100D1410A /* Sources */ = {
			isa = PBXSourcesBuildPhase;
			buildActionMask = 2147483647;
			files = (
				47F6203027164C0C00D1410A /* CustomLabel.swift in Sources */,
				47F620292716416800D1410A /* SearchItem.swift in Sources */,
				47F6202B2716438D00D1410A /* AlbumDetailsController.swift in Sources */,
				47F62037271677B200D1410A /* Client.swift in Sources */,
				47F6202727163A8100D1410A /* AlbumController.swift in Sources */,
				47F6203227164C8400D1410A /* Constants.swift in Sources */,
				47F61FED27162D2100D1410A /* AppDelegate.swift in Sources */,
				47F61FEF27162D2100D1410A /* SceneDelegate.swift in Sources */,
				47F6201C2716310900D1410A /* Extension.swift in Sources */,
				47F62039271677DC00D1410A /* ViewModel.swift in Sources */,
				47F6201E2716342000D1410A /* CategoryCell.swift in Sources */,
				144FA26C2717FF6900257EC3 /* ImageLoader.swift in Sources */,
			);
			runOnlyForDeploymentPostprocessing = 0;
		};
		47F61FFB27162D2200D1410A /* Sources */ = {
			isa = PBXSourcesBuildPhase;
			buildActionMask = 2147483647;
			files = (
				47F6200427162D2200D1410A /* TakeHomeTestTests.swift in Sources */,
			);
			runOnlyForDeploymentPostprocessing = 0;
		};
		47F6200527162D2200D1410A /* Sources */ = {
			isa = PBXSourcesBuildPhase;
			buildActionMask = 2147483647;
			files = (
				47F6200E27162D2200D1410A /* TakeHomeTestUITests.swift in Sources */,
			);
			runOnlyForDeploymentPostprocessing = 0;
		};
/* End PBXSourcesBuildPhase section */

/* Begin PBXTargetDependency section */
		47F6200127162D2200D1410A /* PBXTargetDependency */ = {
			isa = PBXTargetDependency;
			target = 47F61FE827162D2100D1410A /* TakeHomeTest */;
			targetProxy = 47F6200027162D2200D1410A /* PBXContainerItemProxy */;
		};
		47F6200B27162D2200D1410A /* PBXTargetDependency */ = {
			isa = PBXTargetDependency;
			target = 47F61FE827162D2100D1410A /* TakeHomeTest */;
			targetProxy = 47F6200A27162D2200D1410A /* PBXContainerItemProxy */;
		};
/* End PBXTargetDependency section */

/* Begin PBXVariantGroup section */
		47F61FF227162D2100D1410A /* Main.storyboard */ = {
			isa = PBXVariantGroup;
			children = (
				47F61FF327162D2100D1410A /* Base */,
			);
			name = Main.storyboard;
			sourceTree = "<group>";
		};
		47F61FF727162D2200D1410A /* LaunchScreen.storyboard */ = {
			isa = PBXVariantGroup;
			children = (
				47F61FF827162D2200D1410A /* Base */,
			);
			name = LaunchScreen.storyboard;
			sourceTree = "<group>";
		};
/* End PBXVariantGroup section */

/* Begin XCBuildConfiguration section */
		47F6200F27162D2200D1410A /* Debug */ = {
			isa = XCBuildConfiguration;
			buildSettings = {
				ALWAYS_SEARCH_USER_PATHS = NO;
				CLANG_ANALYZER_NONNULL = YES;
				CLANG_ANALYZER_NUMBER_OBJECT_CONVERSION = YES_AGGRESSIVE;
				CLANG_CXX_LANGUAGE_STANDARD = "gnu++14";
				CLANG_CXX_LIBRARY = "libc++";
				CLANG_ENABLE_MODULES = YES;
				CLANG_ENABLE_OBJC_ARC = YES;
				CLANG_ENABLE_OBJC_WEAK = YES;
				CLANG_WARN_BLOCK_CAPTURE_AUTORELEASING = YES;
				CLANG_WARN_BOOL_CONVERSION = YES;
				CLANG_WARN_COMMA = YES;
				CLANG_WARN_CONSTANT_CONVERSION = YES;
				CLANG_WARN_DEPRECATED_OBJC_IMPLEMENTATIONS = YES;
				CLANG_WARN_DIRECT_OBJC_ISA_USAGE = YES_ERROR;
				CLANG_WARN_DOCUMENTATION_COMMENTS = YES;
				CLANG_WARN_EMPTY_BODY = YES;
				CLANG_WARN_ENUM_CONVERSION = YES;
				CLANG_WARN_INFINITE_RECURSION = YES;
				CLANG_WARN_INT_CONVERSION = YES;
				CLANG_WARN_NON_LITERAL_NULL_CONVERSION = YES;
				CLANG_WARN_OBJC_IMPLICIT_RETAIN_SELF = YES;
				CLANG_WARN_OBJC_LITERAL_CONVERSION = YES;
				CLANG_WARN_OBJC_ROOT_CLASS = YES_ERROR;
				CLANG_WARN_QUOTED_INCLUDE_IN_FRAMEWORK_HEADER = YES;
				CLANG_WARN_RANGE_LOOP_ANALYSIS = YES;
				CLANG_WARN_STRICT_PROTOTYPES = YES;
				CLANG_WARN_SUSPICIOUS_MOVE = YES;
				CLANG_WARN_UNGUARDED_AVAILABILITY = YES_AGGRESSIVE;
				CLANG_WARN_UNREACHABLE_CODE = YES;
				CLANG_WARN__DUPLICATE_METHOD_MATCH = YES;
				COPY_PHASE_STRIP = NO;
				DEBUG_INFORMATION_FORMAT = dwarf;
				ENABLE_STRICT_OBJC_MSGSEND = YES;
				ENABLE_TESTABILITY = YES;
				GCC_C_LANGUAGE_STANDARD = gnu11;
				GCC_DYNAMIC_NO_PIC = NO;
				GCC_NO_COMMON_BLOCKS = YES;
				GCC_OPTIMIZATION_LEVEL = 0;
				GCC_PREPROCESSOR_DEFINITIONS = (
					"DEBUG=1",
					"$(inherited)",
				);
				GCC_WARN_64_TO_32_BIT_CONVERSION = YES;
				GCC_WARN_ABOUT_RETURN_TYPE = YES_ERROR;
				GCC_WARN_UNDECLARED_SELECTOR = YES;
				GCC_WARN_UNINITIALIZED_AUTOS = YES_AGGRESSIVE;
				GCC_WARN_UNUSED_FUNCTION = YES;
				GCC_WARN_UNUSED_VARIABLE = YES;
				IPHONEOS_DEPLOYMENT_TARGET = 15.0;
				MTL_ENABLE_DEBUG_INFO = INCLUDE_SOURCE;
				MTL_FAST_MATH = YES;
				ONLY_ACTIVE_ARCH = YES;
				SDKROOT = iphoneos;
				SWIFT_ACTIVE_COMPILATION_CONDITIONS = DEBUG;
				SWIFT_OPTIMIZATION_LEVEL = "-Onone";
			};
			name = Debug;
		};
		47F6201027162D2200D1410A /* Release */ = {
			isa = XCBuildConfiguration;
			buildSettings = {
				ALWAYS_SEARCH_USER_PATHS = NO;
				CLANG_ANALYZER_NONNULL = YES;
				CLANG_ANALYZER_NUMBER_OBJECT_CONVERSION = YES_AGGRESSIVE;
				CLANG_CXX_LANGUAGE_STANDARD = "gnu++14";
				CLANG_CXX_LIBRARY = "libc++";
				CLANG_ENABLE_MODULES = YES;
				CLANG_ENABLE_OBJC_ARC = YES;
				CLANG_ENABLE_OBJC_WEAK = YES;
				CLANG_WARN_BLOCK_CAPTURE_AUTORELEASING = YES;
				CLANG_WARN_BOOL_CONVERSION = YES;
				CLANG_WARN_COMMA = YES;
				CLANG_WARN_CONSTANT_CONVERSION = YES;
				CLANG_WARN_DEPRECATED_OBJC_IMPLEMENTATIONS = YES;
				CLANG_WARN_DIRECT_OBJC_ISA_USAGE = YES_ERROR;
				CLANG_WARN_DOCUMENTATION_COMMENTS = YES;
				CLANG_WARN_EMPTY_BODY = YES;
				CLANG_WARN_ENUM_CONVERSION = YES;
				CLANG_WARN_INFINITE_RECURSION = YES;
				CLANG_WARN_INT_CONVERSION = YES;
				CLANG_WARN_NON_LITERAL_NULL_CONVERSION = YES;
				CLANG_WARN_OBJC_IMPLICIT_RETAIN_SELF = YES;
				CLANG_WARN_OBJC_LITERAL_CONVERSION = YES;
				CLANG_WARN_OBJC_ROOT_CLASS = YES_ERROR;
				CLANG_WARN_QUOTED_INCLUDE_IN_FRAMEWORK_HEADER = YES;
				CLANG_WARN_RANGE_LOOP_ANALYSIS = YES;
				CLANG_WARN_STRICT_PROTOTYPES = YES;
				CLANG_WARN_SUSPICIOUS_MOVE = YES;
				CLANG_WARN_UNGUARDED_AVAILABILITY = YES_AGGRESSIVE;
				CLANG_WARN_UNREACHABLE_CODE = YES;
				CLANG_WARN__DUPLICATE_METHOD_MATCH = YES;
				COPY_PHASE_STRIP = NO;
				DEBUG_INFORMATION_FORMAT = "dwarf-with-dsym";
				ENABLE_NS_ASSERTIONS = NO;
				ENABLE_STRICT_OBJC_MSGSEND = YES;
				GCC_C_LANGUAGE_STANDARD = gnu11;
				GCC_NO_COMMON_BLOCKS = YES;
				GCC_WARN_64_TO_32_BIT_CONVERSION = YES;
				GCC_WARN_ABOUT_RETURN_TYPE = YES_ERROR;
				GCC_WARN_UNDECLARED_SELECTOR = YES;
				GCC_WARN_UNINITIALIZED_AUTOS = YES_AGGRESSIVE;
				GCC_WARN_UNUSED_FUNCTION = YES;
				GCC_WARN_UNUSED_VARIABLE = YES;
				IPHONEOS_DEPLOYMENT_TARGET = 15.0;
				MTL_ENABLE_DEBUG_INFO = NO;
				MTL_FAST_MATH = YES;
				SDKROOT = iphoneos;
				SWIFT_COMPILATION_MODE = wholemodule;
				SWIFT_OPTIMIZATION_LEVEL = "-O";
				VALIDATE_PRODUCT = YES;
			};
			name = Release;
		};
		47F6201227162D2200D1410A /* Debug */ = {
			isa = XCBuildConfiguration;
			buildSettings = {
				ASSETCATALOG_COMPILER_APPICON_NAME = AppIcon;
				ASSETCATALOG_COMPILER_GLOBAL_ACCENT_COLOR_NAME = AccentColor;
				CODE_SIGN_STYLE = Automatic;
				CURRENT_PROJECT_VERSION = 1;
				DEVELOPMENT_TEAM = 77M4HH73F6;
				GENERATE_INFOPLIST_FILE = YES;
				INFOPLIST_FILE = TakeHomeTest/Info.plist;
				INFOPLIST_KEY_UIApplicationSupportsIndirectInputEvents = YES;
				INFOPLIST_KEY_UILaunchStoryboardName = LaunchScreen;
				INFOPLIST_KEY_UIMainStoryboardFile = Main;
				INFOPLIST_KEY_UISupportedInterfaceOrientations_iPad = "UIInterfaceOrientationPortrait UIInterfaceOrientationPortraitUpsideDown UIInterfaceOrientationLandscapeLeft UIInterfaceOrientationLandscapeRight";
				INFOPLIST_KEY_UISupportedInterfaceOrientations_iPhone = "UIInterfaceOrientationPortrait UIInterfaceOrientationLandscapeLeft UIInterfaceOrientationLandscapeRight";
				LD_RUNPATH_SEARCH_PATHS = (
					"$(inherited)",
					"@executable_path/Frameworks",
				);
				MARKETING_VERSION = 1.0;
				PRODUCT_BUNDLE_IDENTIFIER = com.bronzy.TakeHomeTest;
				PRODUCT_NAME = "$(TARGET_NAME)";
				SWIFT_EMIT_LOC_STRINGS = YES;
				SWIFT_VERSION = 5.0;
				TARGETED_DEVICE_FAMILY = "1,2";
			};
			name = Debug;
		};
		47F6201327162D2200D1410A /* Release */ = {
			isa = XCBuildConfiguration;
			buildSettings = {
				ASSETCATALOG_COMPILER_APPICON_NAME = AppIcon;
				ASSETCATALOG_COMPILER_GLOBAL_ACCENT_COLOR_NAME = AccentColor;
				CODE_SIGN_STYLE = Automatic;
				CURRENT_PROJECT_VERSION = 1;
				DEVELOPMENT_TEAM = 77M4HH73F6;
				GENERATE_INFOPLIST_FILE = YES;
				INFOPLIST_FILE = TakeHomeTest/Info.plist;
				INFOPLIST_KEY_UIApplicationSupportsIndirectInputEvents = YES;
				INFOPLIST_KEY_UILaunchStoryboardName = LaunchScreen;
				INFOPLIST_KEY_UIMainStoryboardFile = Main;
				INFOPLIST_KEY_UISupportedInterfaceOrientations_iPad = "UIInterfaceOrientationPortrait UIInterfaceOrientationPortraitUpsideDown UIInterfaceOrientationLandscapeLeft UIInterfaceOrientationLandscapeRight";
				INFOPLIST_KEY_UISupportedInterfaceOrientations_iPhone = "UIInterfaceOrientationPortrait UIInterfaceOrientationLandscapeLeft UIInterfaceOrientationLandscapeRight";
				LD_RUNPATH_SEARCH_PATHS = (
					"$(inherited)",
					"@executable_path/Frameworks",
				);
				MARKETING_VERSION = 1.0;
				PRODUCT_BUNDLE_IDENTIFIER = com.bronzy.TakeHomeTest;
				PRODUCT_NAME = "$(TARGET_NAME)";
				SWIFT_EMIT_LOC_STRINGS = YES;
				SWIFT_VERSION = 5.0;
				TARGETED_DEVICE_FAMILY = "1,2";
			};
			name = Release;
		};
		47F6201527162D2200D1410A /* Debug */ = {
			isa = XCBuildConfiguration;
			buildSettings = {
				ALWAYS_EMBED_SWIFT_STANDARD_LIBRARIES = YES;
				BUNDLE_LOADER = "$(TEST_HOST)";
				CODE_SIGN_STYLE = Automatic;
				CURRENT_PROJECT_VERSION = 1;
				DEVELOPMENT_TEAM = 77M4HH73F6;
				GENERATE_INFOPLIST_FILE = YES;
				IPHONEOS_DEPLOYMENT_TARGET = 15.0;
				LD_RUNPATH_SEARCH_PATHS = (
					"$(inherited)",
					"@executable_path/Frameworks",
					"@loader_path/Frameworks",
				);
				MARKETING_VERSION = 1.0;
				PRODUCT_BUNDLE_IDENTIFIER = com.bronzy.TakeHomeTestTests;
				PRODUCT_NAME = "$(TARGET_NAME)";
				SWIFT_EMIT_LOC_STRINGS = NO;
				SWIFT_VERSION = 5.0;
				TARGETED_DEVICE_FAMILY = "1,2";
				TEST_HOST = "$(BUILT_PRODUCTS_DIR)/TakeHomeTest.app/TakeHomeTest";
			};
			name = Debug;
		};
		47F6201627162D2200D1410A /* Release */ = {
			isa = XCBuildConfiguration;
			buildSettings = {
				ALWAYS_EMBED_SWIFT_STANDARD_LIBRARIES = YES;
				BUNDLE_LOADER = "$(TEST_HOST)";
				CODE_SIGN_STYLE = Automatic;
				CURRENT_PROJECT_VERSION = 1;
				DEVELOPMENT_TEAM = 77M4HH73F6;
				GENERATE_INFOPLIST_FILE = YES;
				IPHONEOS_DEPLOYMENT_TARGET = 15.0;
				LD_RUNPATH_SEARCH_PATHS = (
					"$(inherited)",
					"@executable_path/Frameworks",
					"@loader_path/Frameworks",
				);
				MARKETING_VERSION = 1.0;
				PRODUCT_BUNDLE_IDENTIFIER = com.bronzy.TakeHomeTestTests;
				PRODUCT_NAME = "$(TARGET_NAME)";
				SWIFT_EMIT_LOC_STRINGS = NO;
				SWIFT_VERSION = 5.0;
				TARGETED_DEVICE_FAMILY = "1,2";
				TEST_HOST = "$(BUILT_PRODUCTS_DIR)/TakeHomeTest.app/TakeHomeTest";
			};
			name = Release;
		};
		47F6201827162D2200D1410A /* Debug */ = {
			isa = XCBuildConfiguration;
			buildSettings = {
				ALWAYS_EMBED_SWIFT_STANDARD_LIBRARIES = YES;
				CODE_SIGN_STYLE = Automatic;
				CURRENT_PROJECT_VERSION = 1;
				DEVELOPMENT_TEAM = 77M4HH73F6;
				GENERATE_INFOPLIST_FILE = YES;
				LD_RUNPATH_SEARCH_PATHS = (
					"$(inherited)",
					"@executable_path/Frameworks",
					"@loader_path/Frameworks",
				);
				MARKETING_VERSION = 1.0;
				PRODUCT_BUNDLE_IDENTIFIER = com.bronzy.TakeHomeTestUITests;
				PRODUCT_NAME = "$(TARGET_NAME)";
				SWIFT_EMIT_LOC_STRINGS = NO;
				SWIFT_VERSION = 5.0;
				TARGETED_DEVICE_FAMILY = "1,2";
				TEST_TARGET_NAME = TakeHomeTest;
			};
			name = Debug;
		};
		47F6201927162D2200D1410A /* Release */ = {
			isa = XCBuildConfiguration;
			buildSettings = {
				ALWAYS_EMBED_SWIFT_STANDARD_LIBRARIES = YES;
				CODE_SIGN_STYLE = Automatic;
				CURRENT_PROJECT_VERSION = 1;
				DEVELOPMENT_TEAM = 77M4HH73F6;
				GENERATE_INFOPLIST_FILE = YES;
				LD_RUNPATH_SEARCH_PATHS = (
					"$(inherited)",
					"@executable_path/Frameworks",
					"@loader_path/Frameworks",
				);
				MARKETING_VERSION = 1.0;
				PRODUCT_BUNDLE_IDENTIFIER = com.bronzy.TakeHomeTestUITests;
				PRODUCT_NAME = "$(TARGET_NAME)";
				SWIFT_EMIT_LOC_STRINGS = NO;
				SWIFT_VERSION = 5.0;
				TARGETED_DEVICE_FAMILY = "1,2";
				TEST_TARGET_NAME = TakeHomeTest;
			};
			name = Release;
		};
/* End XCBuildConfiguration section */

/* Begin XCConfigurationList section */
		47F61FE427162D2100D1410A /* Build configuration list for PBXProject "TakeHomeTest" */ = {
			isa = XCConfigurationList;
			buildConfigurations = (
				47F6200F27162D2200D1410A /* Debug */,
				47F6201027162D2200D1410A /* Release */,
			);
			defaultConfigurationIsVisible = 0;
			defaultConfigurationName = Release;
		};
		47F6201127162D2200D1410A /* Build configuration list for PBXNativeTarget "TakeHomeTest" */ = {
			isa = XCConfigurationList;
			buildConfigurations = (
				47F6201227162D2200D1410A /* Debug */,
				47F6201327162D2200D1410A /* Release */,
			);
			defaultConfigurationIsVisible = 0;
			defaultConfigurationName = Release;
		};
		47F6201427162D2200D1410A /* Build configuration list for PBXNativeTarget "TakeHomeTestTests" */ = {
			isa = XCConfigurationList;
			buildConfigurations = (
				47F6201527162D2200D1410A /* Debug */,
				47F6201627162D2200D1410A /* Release */,
			);
			defaultConfigurationIsVisible = 0;
			defaultConfigurationName = Release;
		};
		47F6201727162D2200D1410A /* Build configuration list for PBXNativeTarget "TakeHomeTestUITests" */ = {
			isa = XCConfigurationList;
			buildConfigurations = (
				47F6201827162D2200D1410A /* Debug */,
				47F6201927162D2200D1410A /* Release */,
			);
			defaultConfigurationIsVisible = 0;
			defaultConfigurationName = Release;
		};
/* End XCConfigurationList section */
	};
	rootObject = 47F61FE127162D2100D1410A /* Project object */;
}
